
Microsoft Visual Studio Solution File, Format Version 12.00
# Visual Studio Version 17
VisualStudioVersion = 17.2.32516.85
MinimumVisualStudioVersion = 10.0.40219.1
Project("{FAE04EC0-301F-11D3-BF4B-00C04F79EFBC}") = "Sharpic-easy", "Sharpic-easy\Sharpic-easy.csproj", "{35FDDC67-2F42-4135-855E-477B3ABBBBFF}"
EndProject
Global
	GlobalSection(SolutionConfigurationPlatforms) = preSolution
		Debug|Any CPU = Debug|Any CPU
		Release|Any CPU = Release|Any CPU
	EndGlobalSection
	GlobalSection(ProjectConfigurationPlatforms) = postSolution
		{35FDDC67-2F42-4135-855E-477B3ABBBBFF}.Debug|Any CPU.ActiveCfg = Debug|Any CPU
		{35FDDC67-2F42-4135-855E-477B3ABBBBFF}.Debug|Any CPU.Build.0 = Debug|Any CPU
		{35FDDC67-2F42-4135-855E-477B3ABBBBFF}.Release|Any CPU.ActiveCfg = Release|Any CPU
		{35FDDC67-2F42-4135-855E-477B3ABBBBFF}.Release|Any CPU.Build.0 = Release|Any CPU
	EndGlobalSection
	GlobalSection(SolutionProperties) = preSolution
		HideSolutionNode = FALSE
	EndGlobalSection
	GlobalSection(ExtensibilityGlobals) = postSolution
		SolutionGuid = {1E674324-E8BE-4C79-B823-7328A62D7E01}
	EndGlobalSection
EndGlobal
